
Microsoft Visual Studio Solution File, Format Version 12.00
# Visual Studio Version 17
VisualStudioVersion = 17.0.31903.59
MinimumVisualStudioVersion = 10.0.40219.1
Project("{2150E333-8FDC-42A3-9474-1A3956D46DE8}") = "src", "src", "{827E0CD3-B72D-47B6-A68D-7590B98EB39B}"
EndProject
Project("{FAE04EC0-301F-11D3-BF4B-00C04F79EFBC}") = "IdentityService", "src\IdentityService\IdentityService.csproj", "{AA0E354E-1DF6-499F-8A23-583F3B6868AD}"
EndProject
Project("{FAE04EC0-301F-11D3-BF4B-00C04F79EFBC}") = "PortfolioService", "src\PortfolioService\PortfolioService.csproj", "{E6C241DF-2CF3-47DA-879D-E6D8BFA0C522}"
EndProject
Project("{FAE04EC0-301F-11D3-BF4B-00C04F79EFBC}") = "StockDataService", "src\StockDataService\StockDataService.csproj", "{81EC959E-1D3F-4E9A-B8F7-8F5D7997BB19}"
EndProject
Project("{FAE04EC0-301F-11D3-BF4B-00C04F79EFBC}") = "NotificationService", "src\NotificationService\NotificationService.csproj", "{DD9FDB9E-36FB-4930-BA84-F6FB755203FA}"
EndProject
Project("{FAE04EC0-301F-11D3-BF4B-00C04F79EFBC}") = "ApiGateway", "src\ApiGateway\ApiGateway.csproj", "{8E6FEC9D-D49F-4B07-853F-B42311AED5B2}"
EndProject
Project("{FAE04EC0-301F-11D3-BF4B-00C04F79EFBC}") = "Common", "src\Common\Common.csproj", "{1304FF25-2EFE-461D-AC34-FA807CEA6B25}"
EndProject
Project("{FAE04EC0-301F-11D3-BF4B-00C04F79EFBC}") = "Models", "src\Models\Models.csproj", "{F32E8456-613C-412C-8905-1351F9C779AF}"
EndProject
Project("{FAE04EC0-301F-11D3-BF4B-00C04F79EFBC}") = "Contracts", "src\Contracts\Contracts.csproj", "{2BB04950-9ACF-42D7-932A-7E6452133478}"
EndProject
Global
	GlobalSection(SolutionConfigurationPlatforms) = preSolution
		Debug|Any CPU = Debug|Any CPU
		Debug|x64 = Debug|x64
		Debug|x86 = Debug|x86
		Release|Any CPU = Release|Any CPU
		Release|x64 = Release|x64
		Release|x86 = Release|x86
	EndGlobalSection
	GlobalSection(ProjectConfigurationPlatforms) = postSolution
		{AA0E354E-1DF6-499F-8A23-583F3B6868AD}.Debug|Any CPU.ActiveCfg = Debug|Any CPU
		{AA0E354E-1DF6-499F-8A23-583F3B6868AD}.Debug|Any CPU.Build.0 = Debug|Any CPU
		{AA0E354E-1DF6-499F-8A23-583F3B6868AD}.Debug|x64.ActiveCfg = Debug|Any CPU
		{AA0E354E-1DF6-499F-8A23-583F3B6868AD}.Debug|x64.Build.0 = Debug|Any CPU
		{AA0E354E-1DF6-499F-8A23-583F3B6868AD}.Debug|x86.ActiveCfg = Debug|Any CPU
		{AA0E354E-1DF6-499F-8A23-583F3B6868AD}.Debug|x86.Build.0 = Debug|Any CPU
		{AA0E354E-1DF6-499F-8A23-583F3B6868AD}.Release|Any CPU.ActiveCfg = Release|Any CPU
		{AA0E354E-1DF6-499F-8A23-583F3B6868AD}.Release|Any CPU.Build.0 = Release|Any CPU
		{AA0E354E-1DF6-499F-8A23-583F3B6868AD}.Release|x64.ActiveCfg = Release|Any CPU
		{AA0E354E-1DF6-499F-8A23-583F3B6868AD}.Release|x64.Build.0 = Release|Any CPU
		{AA0E354E-1DF6-499F-8A23-583F3B6868AD}.Release|x86.ActiveCfg = Release|Any CPU
		{AA0E354E-1DF6-499F-8A23-583F3B6868AD}.Release|x86.Build.0 = Release|Any CPU
		{E6C241DF-2CF3-47DA-879D-E6D8BFA0C522}.Debug|Any CPU.ActiveCfg = Debug|Any CPU
		{E6C241DF-2CF3-47DA-879D-E6D8BFA0C522}.Debug|Any CPU.Build.0 = Debug|Any CPU
		{E6C241DF-2CF3-47DA-879D-E6D8BFA0C522}.Debug|x64.ActiveCfg = Debug|Any CPU
		{E6C241DF-2CF3-47DA-879D-E6D8BFA0C522}.Debug|x64.Build.0 = Debug|Any CPU
		{E6C241DF-2CF3-47DA-879D-E6D8BFA0C522}.Debug|x86.ActiveCfg = Debug|Any CPU
		{E6C241DF-2CF3-47DA-879D-E6D8BFA0C522}.Debug|x86.Build.0 = Debug|Any CPU
		{E6C241DF-2CF3-47DA-879D-E6D8BFA0C522}.Release|Any CPU.ActiveCfg = Release|Any CPU
		{E6C241DF-2CF3-47DA-879D-E6D8BFA0C522}.Release|Any CPU.Build.0 = Release|Any CPU
		{E6C241DF-2CF3-47DA-879D-E6D8BFA0C522}.Release|x64.ActiveCfg = Release|Any CPU
		{E6C241DF-2CF3-47DA-879D-E6D8BFA0C522}.Release|x64.Build.0 = Release|Any CPU
		{E6C241DF-2CF3-47DA-879D-E6D8BFA0C522}.Release|x86.ActiveCfg = Release|Any CPU
		{E6C241DF-2CF3-47DA-879D-E6D8BFA0C522}.Release|x86.Build.0 = Release|Any CPU
		{81EC959E-1D3F-4E9A-B8F7-8F5D7997BB19}.Debug|Any CPU.ActiveCfg = Debug|Any CPU
		{81EC959E-1D3F-4E9A-B8F7-8F5D7997BB19}.Debug|Any CPU.Build.0 = Debug|Any CPU
		{81EC959E-1D3F-4E9A-B8F7-8F5D7997BB19}.Debug|x64.ActiveCfg = Debug|Any CPU
		{81EC959E-1D3F-4E9A-B8F7-8F5D7997BB19}.Debug|x64.Build.0 = Debug|Any CPU
		{81EC959E-1D3F-4E9A-B8F7-8F5D7997BB19}.Debug|x86.ActiveCfg = Debug|Any CPU
		{81EC959E-1D3F-4E9A-B8F7-8F5D7997BB19}.Debug|x86.Build.0 = Debug|Any CPU
		{81EC959E-1D3F-4E9A-B8F7-8F5D7997BB19}.Release|Any CPU.ActiveCfg = Release|Any CPU
		{81EC959E-1D3F-4E9A-B8F7-8F5D7997BB19}.Release|Any CPU.Build.0 = Release|Any CPU
		{81EC959E-1D3F-4E9A-B8F7-8F5D7997BB19}.Release|x64.ActiveCfg = Release|Any CPU
		{81EC959E-1D3F-4E9A-B8F7-8F5D7997BB19}.Release|x64.Build.0 = Release|Any CPU
		{81EC959E-1D3F-4E9A-B8F7-8F5D7997BB19}.Release|x86.ActiveCfg = Release|Any CPU
		{81EC959E-1D3F-4E9A-B8F7-8F5D7997BB19}.Release|x86.Build.0 = Release|Any CPU
		{DD9FDB9E-36FB-4930-BA84-F6FB755203FA}.Debug|Any CPU.ActiveCfg = Debug|Any CPU
		{DD9FDB9E-36FB-4930-BA84-F6FB755203FA}.Debug|Any CPU.Build.0 = Debug|Any CPU
		{DD9FDB9E-36FB-4930-BA84-F6FB755203FA}.Debug|x64.ActiveCfg = Debug|Any CPU
		{DD9FDB9E-36FB-4930-BA84-F6FB755203FA}.Debug|x64.Build.0 = Debug|Any CPU
		{DD9FDB9E-36FB-4930-BA84-F6FB755203FA}.Debug|x86.ActiveCfg = Debug|Any CPU
		{DD9FDB9E-36FB-4930-BA84-F6FB755203FA}.Debug|x86.Build.0 = Debug|Any CPU
		{DD9FDB9E-36FB-4930-BA84-F6FB755203FA}.Release|Any CPU.ActiveCfg = Release|Any CPU
		{DD9FDB9E-36FB-4930-BA84-F6FB755203FA}.Release|Any CPU.Build.0 = Release|Any CPU
		{DD9FDB9E-36FB-4930-BA84-F6FB755203FA}.Release|x64.ActiveCfg = Release|Any CPU
		{DD9FDB9E-36FB-4930-BA84-F6FB755203FA}.Release|x64.Build.0 = Release|Any CPU
		{DD9FDB9E-36FB-4930-BA84-F6FB755203FA}.Release|x86.ActiveCfg = Release|Any CPU
		{DD9FDB9E-36FB-4930-BA84-F6FB755203FA}.Release|x86.Build.0 = Release|Any CPU
		{8E6FEC9D-D49F-4B07-853F-B42311AED5B2}.Debug|Any CPU.ActiveCfg = Debug|Any CPU
		{8E6FEC9D-D49F-4B07-853F-B42311AED5B2}.Debug|Any CPU.Build.0 = Debug|Any CPU
		{8E6FEC9D-D49F-4B07-853F-B42311AED5B2}.Debug|x64.ActiveCfg = Debug|Any CPU
		{8E6FEC9D-D49F-4B07-853F-B42311AED5B2}.Debug|x64.Build.0 = Debug|Any CPU
		{8E6FEC9D-D49F-4B07-853F-B42311AED5B2}.Debug|x86.ActiveCfg = Debug|Any CPU
		{8E6FEC9D-D49F-4B07-853F-B42311AED5B2}.Debug|x86.Build.0 = Debug|Any CPU
		{8E6FEC9D-D49F-4B07-853F-B42311AED5B2}.Release|Any CPU.ActiveCfg = Release|Any CPU
		{8E6FEC9D-D49F-4B07-853F-B42311AED5B2}.Release|Any CPU.Build.0 = Release|Any CPU
		{8E6FEC9D-D49F-4B07-853F-B42311AED5B2}.Release|x64.ActiveCfg = Release|Any CPU
		{8E6FEC9D-D49F-4B07-853F-B42311AED5B2}.Release|x64.Build.0 = Release|Any CPU
		{8E6FEC9D-D49F-4B07-853F-B42311AED5B2}.Release|x86.ActiveCfg = Release|Any CPU
		{8E6FEC9D-D49F-4B07-853F-B42311AED5B2}.Release|x86.Build.0 = Release|Any CPU
		{1304FF25-2EFE-461D-AC34-FA807CEA6B25}.Debug|Any CPU.ActiveCfg = Debug|Any CPU
		{1304FF25-2EFE-461D-AC34-FA807CEA6B25}.Debug|Any CPU.Build.0 = Debug|Any CPU
		{1304FF25-2EFE-461D-AC34-FA807CEA6B25}.Debug|x64.ActiveCfg = Debug|Any CPU
		{1304FF25-2EFE-461D-AC34-FA807CEA6B25}.Debug|x64.Build.0 = Debug|Any CPU
		{1304FF25-2EFE-461D-AC34-FA807CEA6B25}.Debug|x86.ActiveCfg = Debug|Any CPU
		{1304FF25-2EFE-461D-AC34-FA807CEA6B25}.Debug|x86.Build.0 = Debug|Any CPU
		{1304FF25-2EFE-461D-AC34-FA807CEA6B25}.Release|Any CPU.ActiveCfg = Release|Any CPU
		{1304FF25-2EFE-461D-AC34-FA807CEA6B25}.Release|Any CPU.Build.0 = Release|Any CPU
		{1304FF25-2EFE-461D-AC34-FA807CEA6B25}.Release|x64.ActiveCfg = Release|Any CPU
		{1304FF25-2EFE-461D-AC34-FA807CEA6B25}.Release|x64.Build.0 = Release|Any CPU
		{1304FF25-2EFE-461D-AC34-FA807CEA6B25}.Release|x86.ActiveCfg = Release|Any CPU
		{1304FF25-2EFE-461D-AC34-FA807CEA6B25}.Release|x86.Build.0 = Release|Any CPU
		{F32E8456-613C-412C-8905-1351F9C779AF}.Debug|Any CPU.ActiveCfg = Debug|Any CPU
		{F32E8456-613C-412C-8905-1351F9C779AF}.Debug|Any CPU.Build.0 = Debug|Any CPU
		{F32E8456-613C-412C-8905-1351F9C779AF}.Debug|x64.ActiveCfg = Debug|Any CPU
		{F32E8456-613C-412C-8905-1351F9C779AF}.Debug|x64.Build.0 = Debug|Any CPU
		{F32E8456-613C-412C-8905-1351F9C779AF}.Debug|x86.ActiveCfg = Debug|Any CPU
		{F32E8456-613C-412C-8905-1351F9C779AF}.Debug|x86.Build.0 = Debug|Any CPU
		{F32E8456-613C-412C-8905-1351F9C779AF}.Release|Any CPU.ActiveCfg = Release|Any CPU
		{F32E8456-613C-412C-8905-1351F9C779AF}.Release|Any CPU.Build.0 = Release|Any CPU
		{F32E8456-613C-412C-8905-1351F9C779AF}.Release|x64.ActiveCfg = Release|Any CPU
		{F32E8456-613C-412C-8905-1351F9C779AF}.Release|x64.Build.0 = Release|Any CPU
		{F32E8456-613C-412C-8905-1351F9C779AF}.Release|x86.ActiveCfg = Release|Any CPU
		{F32E8456-613C-412C-8905-1351F9C779AF}.Release|x86.Build.0 = Release|Any CPU
		{2BB04950-9ACF-42D7-932A-7E6452133478}.Debug|Any CPU.ActiveCfg = Debug|Any CPU
		{2BB04950-9ACF-42D7-932A-7E6452133478}.Debug|Any CPU.Build.0 = Debug|Any CPU
		{2BB04950-9ACF-42D7-932A-7E6452133478}.Debug|x64.ActiveCfg = Debug|Any CPU
		{2BB04950-9ACF-42D7-932A-7E6452133478}.Debug|x64.Build.0 = Debug|Any CPU
		{2BB04950-9ACF-42D7-932A-7E6452133478}.Debug|x86.ActiveCfg = Debug|Any CPU
		{2BB04950-9ACF-42D7-932A-7E6452133478}.Debug|x86.Build.0 = Debug|Any CPU
		{2BB04950-9ACF-42D7-932A-7E6452133478}.Release|Any CPU.ActiveCfg = Release|Any CPU
		{2BB04950-9ACF-42D7-932A-7E6452133478}.Release|Any CPU.Build.0 = Release|Any CPU
		{2BB04950-9ACF-42D7-932A-7E6452133478}.Release|x64.ActiveCfg = Release|Any CPU
		{2BB04950-9ACF-42D7-932A-7E6452133478}.Release|x64.Build.0 = Release|Any CPU
		{2BB04950-9ACF-42D7-932A-7E6452133478}.Release|x86.ActiveCfg = Release|Any CPU
		{2BB04950-9ACF-42D7-932A-7E6452133478}.Release|x86.Build.0 = Release|Any CPU
	EndGlobalSection
	GlobalSection(SolutionProperties) = preSolution
		HideSolutionNode = FALSE
	EndGlobalSection
	GlobalSection(NestedProjects) = preSolution
		{AA0E354E-1DF6-499F-8A23-583F3B6868AD} = {827E0CD3-B72D-47B6-A68D-7590B98EB39B}
		{E6C241DF-2CF3-47DA-879D-E6D8BFA0C522} = {827E0CD3-B72D-47B6-A68D-7590B98EB39B}
		{81EC959E-1D3F-4E9A-B8F7-8F5D7997BB19} = {827E0CD3-B72D-47B6-A68D-7590B98EB39B}
		{DD9FDB9E-36FB-4930-BA84-F6FB755203FA} = {827E0CD3-B72D-47B6-A68D-7590B98EB39B}
		{8E6FEC9D-D49F-4B07-853F-B42311AED5B2} = {827E0CD3-B72D-47B6-A68D-7590B98EB39B}
		{1304FF25-2EFE-461D-AC34-FA807CEA6B25} = {827E0CD3-B72D-47B6-A68D-7590B98EB39B}
		{F32E8456-613C-412C-8905-1351F9C779AF} = {827E0CD3-B72D-47B6-A68D-7590B98EB39B}
		{2BB04950-9ACF-42D7-932A-7E6452133478} = {827E0CD3-B72D-47B6-A68D-7590B98EB39B}
	EndGlobalSection
EndGlobal
